
Microsoft Visual Studio Solution File, Format Version 12.00
# Visual Studio 15
VisualStudioVersion = 15.0.27130.2010
MinimumVisualStudioVersion = 10.0.40219.1
Project("{FAE04EC0-301F-11D3-BF4B-00C04F79EFBC}") = "XamarinForms_Samples.Android", "XamarinForms_Samples\XamarinForms_Samples.Android\XamarinForms_Samples.Android.csproj", "{565E8B10-A2A8-4417-A527-5B37C4E8D6F3}"
EndProject
Project("{FAE04EC0-301F-11D3-BF4B-00C04F79EFBC}") = "XamarinForms_Samples.iOS", "XamarinForms_Samples\XamarinForms_Samples.iOS\XamarinForms_Samples.iOS.csproj", "{89D8F37F-C2C7-4EDA-B853-7083F29A6603}"
EndProject
Project("{FAE04EC0-301F-11D3-BF4B-00C04F79EFBC}") = "XamarinForms_Samples.UWP", "XamarinForms_Samples\XamarinForms_Samples.UWP\XamarinForms_Samples.UWP.csproj", "{1DD73741-EBAB-4BB7-A848-312615F89C6D}"
EndProject
Project("{D954291E-2A0B-460D-934E-DC6B0785DB48}") = "XamarinForms_Samples", "XamarinForms_Samples\XamarinForms_Samples\XamarinForms_Samples.shproj", "{77F8EF4B-558A-47C5-888E-8039E48A8B5D}"
EndProject
Global
	GlobalSection(SharedMSBuildProjectFiles) = preSolution
		XamarinForms_Samples\XamarinForms_Samples\XamarinForms_Samples.projitems*{1dd73741-ebab-4bb7-a848-312615f89c6d}*SharedItemsImports = 4
		XamarinForms_Samples\XamarinForms_Samples\XamarinForms_Samples.projitems*{565e8b10-a2a8-4417-a527-5b37c4e8d6f3}*SharedItemsImports = 4
		XamarinForms_Samples\XamarinForms_Samples\XamarinForms_Samples.projitems*{77f8ef4b-558a-47c5-888e-8039e48a8b5d}*SharedItemsImports = 13
		XamarinForms_Samples\XamarinForms_Samples\XamarinForms_Samples.projitems*{89d8f37f-c2c7-4eda-b853-7083f29a6603}*SharedItemsImports = 4
	EndGlobalSection
	GlobalSection(SolutionConfigurationPlatforms) = preSolution
		Ad-Hoc|Any CPU = Ad-Hoc|Any CPU
		Ad-Hoc|ARM = Ad-Hoc|ARM
		Ad-Hoc|iPhone = Ad-Hoc|iPhone
		Ad-Hoc|iPhoneSimulator = Ad-Hoc|iPhoneSimulator
		Ad-Hoc|x64 = Ad-Hoc|x64
		Ad-Hoc|x86 = Ad-Hoc|x86
		AppStore|Any CPU = AppStore|Any CPU
		AppStore|ARM = AppStore|ARM
		AppStore|iPhone = AppStore|iPhone
		AppStore|iPhoneSimulator = AppStore|iPhoneSimulator
		AppStore|x64 = AppStore|x64
		AppStore|x86 = AppStore|x86
		Debug|Any CPU = Debug|Any CPU
		Debug|ARM = Debug|ARM
		Debug|iPhone = Debug|iPhone
		Debug|iPhoneSimulator = Debug|iPhoneSimulator
		Debug|x64 = Debug|x64
		Debug|x86 = Debug|x86
		Release|Any CPU = Release|Any CPU
		Release|ARM = Release|ARM
		Release|iPhone = Release|iPhone
		Release|iPhoneSimulator = Release|iPhoneSimulator
		Release|x64 = Release|x64
		Release|x86 = Release|x86
	EndGlobalSection
	GlobalSection(ProjectConfigurationPlatforms) = postSolution
		{565E8B10-A2A8-4417-A527-5B37C4E8D6F3}.Ad-Hoc|Any CPU.ActiveCfg = Release|Any CPU
		{565E8B10-A2A8-4417-A527-5B37C4E8D6F3}.Ad-Hoc|Any CPU.Build.0 = Release|Any CPU
		{565E8B10-A2A8-4417-A527-5B37C4E8D6F3}.Ad-Hoc|Any CPU.Deploy.0 = Release|Any CPU
		{565E8B10-A2A8-4417-A527-5B37C4E8D6F3}.Ad-Hoc|ARM.ActiveCfg = Release|Any CPU
		{565E8B10-A2A8-4417-A527-5B37C4E8D6F3}.Ad-Hoc|ARM.Build.0 = Release|Any CPU
		{565E8B10-A2A8-4417-A527-5B37C4E8D6F3}.Ad-Hoc|ARM.Deploy.0 = Release|Any CPU
		{565E8B10-A2A8-4417-A527-5B37C4E8D6F3}.Ad-Hoc|iPhone.ActiveCfg = Release|Any CPU
		{565E8B10-A2A8-4417-A527-5B37C4E8D6F3}.Ad-Hoc|iPhone.Build.0 = Release|Any CPU
		{565E8B10-A2A8-4417-A527-5B37C4E8D6F3}.Ad-Hoc|iPhone.Deploy.0 = Release|Any CPU
		{565E8B10-A2A8-4417-A527-5B37C4E8D6F3}.Ad-Hoc|iPhoneSimulator.ActiveCfg = Release|Any CPU
		{565E8B10-A2A8-4417-A527-5B37C4E8D6F3}.Ad-Hoc|iPhoneSimulator.Build.0 = Release|Any CPU
		{565E8B10-A2A8-4417-A527-5B37C4E8D6F3}.Ad-Hoc|iPhoneSimulator.Deploy.0 = Release|Any CPU
		{565E8B10-A2A8-4417-A527-5B37C4E8D6F3}.Ad-Hoc|x64.ActiveCfg = Release|Any CPU
		{565E8B10-A2A8-4417-A527-5B37C4E8D6F3}.Ad-Hoc|x64.Build.0 = Release|Any CPU
		{565E8B10-A2A8-4417-A527-5B37C4E8D6F3}.Ad-Hoc|x64.Deploy.0 = Release|Any CPU
		{565E8B10-A2A8-4417-A527-5B37C4E8D6F3}.Ad-Hoc|x86.ActiveCfg = Release|Any CPU
		{565E8B10-A2A8-4417-A527-5B37C4E8D6F3}.Ad-Hoc|x86.Build.0 = Release|Any CPU
		{565E8B10-A2A8-4417-A527-5B37C4E8D6F3}.Ad-Hoc|x86.Deploy.0 = Release|Any CPU
		{565E8B10-A2A8-4417-A527-5B37C4E8D6F3}.AppStore|Any CPU.ActiveCfg = Release|Any CPU
		{565E8B10-A2A8-4417-A527-5B37C4E8D6F3}.AppStore|Any CPU.Build.0 = Release|Any CPU
		{565E8B10-A2A8-4417-A527-5B37C4E8D6F3}.AppStore|Any CPU.Deploy.0 = Release|Any CPU
		{565E8B10-A2A8-4417-A527-5B37C4E8D6F3}.AppStore|ARM.ActiveCfg = Release|Any CPU
		{565E8B10-A2A8-4417-A527-5B37C4E8D6F3}.AppStore|ARM.Build.0 = Release|Any CPU
		{565E8B10-A2A8-4417-A527-5B37C4E8D6F3}.AppStore|ARM.Deploy.0 = Release|Any CPU
		{565E8B10-A2A8-4417-A527-5B37C4E8D6F3}.AppStore|iPhone.ActiveCfg = Release|Any CPU
		{565E8B10-A2A8-4417-A527-5B37C4E8D6F3}.AppStore|iPhone.Build.0 = Release|Any CPU
		{565E8B10-A2A8-4417-A527-5B37C4E8D6F3}.AppStore|iPhone.Deploy.0 = Release|Any CPU
		{565E8B10-A2A8-4417-A527-5B37C4E8D6F3}.AppStore|iPhoneSimulator.ActiveCfg = Release|Any CPU
		{565E8B10-A2A8-4417-A527-5B37C4E8D6F3}.AppStore|iPhoneSimulator.Build.0 = Release|Any CPU
		{565E8B10-A2A8-4417-A527-5B37C4E8D6F3}.AppStore|iPhoneSimulator.Deploy.0 = Release|Any CPU
		{565E8B10-A2A8-4417-A527-5B37C4E8D6F3}.AppStore|x64.ActiveCfg = Release|Any CPU
		{565E8B10-A2A8-4417-A527-5B37C4E8D6F3}.AppStore|x64.Build.0 = Release|Any CPU
		{565E8B10-A2A8-4417-A527-5B37C4E8D6F3}.AppStore|x64.Deploy.0 = Release|Any CPU
		{565E8B10-A2A8-4417-A527-5B37C4E8D6F3}.AppStore|x86.ActiveCfg = Release|Any CPU
		{565E8B10-A2A8-4417-A527-5B37C4E8D6F3}.AppStore|x86.Build.0 = Release|Any CPU
		{565E8B10-A2A8-4417-A527-5B37C4E8D6F3}.AppStore|x86.Deploy.0 = Release|Any CPU
		{565E8B10-A2A8-4417-A527-5B37C4E8D6F3}.Debug|Any CPU.ActiveCfg = Debug|Any CPU
		{565E8B10-A2A8-4417-A527-5B37C4E8D6F3}.Debug|Any CPU.Build.0 = Debug|Any CPU
		{565E8B10-A2A8-4417-A527-5B37C4E8D6F3}.Debug|Any CPU.Deploy.0 = Debug|Any CPU
		{565E8B10-A2A8-4417-A527-5B37C4E8D6F3}.Debug|ARM.ActiveCfg = Debug|Any CPU
		{565E8B10-A2A8-4417-A527-5B37C4E8D6F3}.Debug|ARM.Build.0 = Debug|Any CPU
		{565E8B10-A2A8-4417-A527-5B37C4E8D6F3}.Debug|ARM.Deploy.0 = Debug|Any CPU
		{565E8B10-A2A8-4417-A527-5B37C4E8D6F3}.Debug|iPhone.ActiveCfg = Debug|Any CPU
		{565E8B10-A2A8-4417-A527-5B37C4E8D6F3}.Debug|iPhone.Build.0 = Debug|Any CPU
		{565E8B10-A2A8-4417-A527-5B37C4E8D6F3}.Debug|iPhone.Deploy.0 = Debug|Any CPU
		{565E8B10-A2A8-4417-A527-5B37C4E8D6F3}.Debug|iPhoneSimulator.ActiveCfg = Debug|Any CPU
		{565E8B10-A2A8-4417-A527-5B37C4E8D6F3}.Debug|iPhoneSimulator.Build.0 = Debug|Any CPU
		{565E8B10-A2A8-4417-A527-5B37C4E8D6F3}.Debug|iPhoneSimulator.Deploy.0 = Debug|Any CPU
		{565E8B10-A2A8-4417-A527-5B37C4E8D6F3}.Debug|x64.ActiveCfg = Debug|Any CPU
		{565E8B10-A2A8-4417-A527-5B37C4E8D6F3}.Debug|x64.Build.0 = Debug|Any CPU
		{565E8B10-A2A8-4417-A527-5B37C4E8D6F3}.Debug|x64.Deploy.0 = Debug|Any CPU
		{565E8B10-A2A8-4417-A527-5B37C4E8D6F3}.Debug|x86.ActiveCfg = Debug|Any CPU
		{565E8B10-A2A8-4417-A527-5B37C4E8D6F3}.Debug|x86.Build.0 = Debug|Any CPU
		{565E8B10-A2A8-4417-A527-5B37C4E8D6F3}.Debug|x86.Deploy.0 = Debug|Any CPU
		{565E8B10-A2A8-4417-A527-5B37C4E8D6F3}.Release|Any CPU.ActiveCfg = Release|Any CPU
		{565E8B10-A2A8-4417-A527-5B37C4E8D6F3}.Release|Any CPU.Build.0 = Release|Any CPU
		{565E8B10-A2A8-4417-A527-5B37C4E8D6F3}.Release|Any CPU.Deploy.0 = Release|Any CPU
		{565E8B10-A2A8-4417-A527-5B37C4E8D6F3}.Release|ARM.ActiveCfg = Release|Any CPU
		{565E8B10-A2A8-4417-A527-5B37C4E8D6F3}.Release|ARM.Build.0 = Release|Any CPU
		{565E8B10-A2A8-4417-A527-5B37C4E8D6F3}.Release|ARM.Deploy.0 = Release|Any CPU
		{565E8B10-A2A8-4417-A527-5B37C4E8D6F3}.Release|iPhone.ActiveCfg = Release|Any CPU
		{565E8B10-A2A8-4417-A527-5B37C4E8D6F3}.Release|iPhone.Build.0 = Release|Any CPU
		{565E8B10-A2A8-4417-A527-5B37C4E8D6F3}.Release|iPhone.Deploy.0 = Release|Any CPU
		{565E8B10-A2A8-4417-A527-5B37C4E8D6F3}.Release|iPhoneSimulator.ActiveCfg = Release|Any CPU
		{565E8B10-A2A8-4417-A527-5B37C4E8D6F3}.Release|iPhoneSimulator.Build.0 = Release|Any CPU
		{565E8B10-A2A8-4417-A527-5B37C4E8D6F3}.Release|iPhoneSimulator.Deploy.0 = Release|Any CPU
		{565E8B10-A2A8-4417-A527-5B37C4E8D6F3}.Release|x64.ActiveCfg = Release|Any CPU
		{565E8B10-A2A8-4417-A527-5B37C4E8D6F3}.Release|x64.Build.0 = Release|Any CPU
		{565E8B10-A2A8-4417-A527-5B37C4E8D6F3}.Release|x64.Deploy.0 = Release|Any CPU
		{565E8B10-A2A8-4417-A527-5B37C4E8D6F3}.Release|x86.ActiveCfg = Release|Any CPU
		{565E8B10-A2A8-4417-A527-5B37C4E8D6F3}.Release|x86.Build.0 = Release|Any CPU
		{565E8B10-A2A8-4417-A527-5B37C4E8D6F3}.Release|x86.Deploy.0 = Release|Any CPU
		{89D8F37F-C2C7-4EDA-B853-7083F29A6603}.Ad-Hoc|Any CPU.ActiveCfg = Ad-Hoc|iPhone
		{89D8F37F-C2C7-4EDA-B853-7083F29A6603}.Ad-Hoc|ARM.ActiveCfg = Ad-Hoc|iPhone
		{89D8F37F-C2C7-4EDA-B853-7083F29A6603}.Ad-Hoc|iPhone.ActiveCfg = Ad-Hoc|iPhone
		{89D8F37F-C2C7-4EDA-B853-7083F29A6603}.Ad-Hoc|iPhone.Build.0 = Ad-Hoc|iPhone
		{89D8F37F-C2C7-4EDA-B853-7083F29A6603}.Ad-Hoc|iPhoneSimulator.ActiveCfg = Ad-Hoc|iPhoneSimulator
		{89D8F37F-C2C7-4EDA-B853-7083F29A6603}.Ad-Hoc|iPhoneSimulator.Build.0 = Ad-Hoc|iPhoneSimulator
		{89D8F37F-C2C7-4EDA-B853-7083F29A6603}.Ad-Hoc|x64.ActiveCfg = Ad-Hoc|iPhone
		{89D8F37F-C2C7-4EDA-B853-7083F29A6603}.Ad-Hoc|x86.ActiveCfg = Ad-Hoc|iPhone
		{89D8F37F-C2C7-4EDA-B853-7083F29A6603}.AppStore|Any CPU.ActiveCfg = AppStore|iPhone
		{89D8F37F-C2C7-4EDA-B853-7083F29A6603}.AppStore|ARM.ActiveCfg = AppStore|iPhone
		{89D8F37F-C2C7-4EDA-B853-7083F29A6603}.AppStore|iPhone.ActiveCfg = AppStore|iPhone
		{89D8F37F-C2C7-4EDA-B853-7083F29A6603}.AppStore|iPhone.Build.0 = AppStore|iPhone
		{89D8F37F-C2C7-4EDA-B853-7083F29A6603}.AppStore|iPhoneSimulator.ActiveCfg = AppStore|iPhoneSimulator
		{89D8F37F-C2C7-4EDA-B853-7083F29A6603}.AppStore|iPhoneSimulator.Build.0 = AppStore|iPhoneSimulator
		{89D8F37F-C2C7-4EDA-B853-7083F29A6603}.AppStore|x64.ActiveCfg = AppStore|iPhone
		{89D8F37F-C2C7-4EDA-B853-7083F29A6603}.AppStore|x86.ActiveCfg = AppStore|iPhone
		{89D8F37F-C2C7-4EDA-B853-7083F29A6603}.Debug|Any CPU.ActiveCfg = Debug|iPhone
		{89D8F37F-C2C7-4EDA-B853-7083F29A6603}.Debug|ARM.ActiveCfg = Debug|iPhone
		{89D8F37F-C2C7-4EDA-B853-7083F29A6603}.Debug|iPhone.ActiveCfg = Debug|iPhone
		{89D8F37F-C2C7-4EDA-B853-7083F29A6603}.Debug|iPhone.Build.0 = Debug|iPhone
		{89D8F37F-C2C7-4EDA-B853-7083F29A6603}.Debug|iPhoneSimulator.ActiveCfg = Debug|iPhoneSimulator
		{89D8F37F-C2C7-4EDA-B853-7083F29A6603}.Debug|iPhoneSimulator.Build.0 = Debug|iPhoneSimulator
		{89D8F37F-C2C7-4EDA-B853-7083F29A6603}.Debug|x64.ActiveCfg = Debug|iPhone
		{89D8F37F-C2C7-4EDA-B853-7083F29A6603}.Debug|x86.ActiveCfg = Debug|iPhone
		{89D8F37F-C2C7-4EDA-B853-7083F29A6603}.Release|Any CPU.ActiveCfg = Release|iPhone
		{89D8F37F-C2C7-4EDA-B853-7083F29A6603}.Release|ARM.ActiveCfg = Release|iPhone
		{89D8F37F-C2C7-4EDA-B853-7083F29A6603}.Release|iPhone.ActiveCfg = Release|iPhone
		{89D8F37F-C2C7-4EDA-B853-7083F29A6603}.Release|iPhone.Build.0 = Release|iPhone
		{89D8F37F-C2C7-4EDA-B853-7083F29A6603}.Release|iPhoneSimulator.ActiveCfg = Release|iPhoneSimulator
		{89D8F37F-C2C7-4EDA-B853-7083F29A6603}.Release|iPhoneSimulator.Build.0 = Release|iPhoneSimulator
		{89D8F37F-C2C7-4EDA-B853-7083F29A6603}.Release|x64.ActiveCfg = Release|iPhone
		{89D8F37F-C2C7-4EDA-B853-7083F29A6603}.Release|x86.ActiveCfg = Release|iPhone
		{1DD73741-EBAB-4BB7-A848-312615F89C6D}.Ad-Hoc|Any CPU.ActiveCfg = Release|x86
		{1DD73741-EBAB-4BB7-A848-312615F89C6D}.Ad-Hoc|Any CPU.Build.0 = Release|x86
		{1DD73741-EBAB-4BB7-A848-312615F89C6D}.Ad-Hoc|Any CPU.Deploy.0 = Release|x86
		{1DD73741-EBAB-4BB7-A848-312615F89C6D}.Ad-Hoc|ARM.ActiveCfg = Release|ARM
		{1DD73741-EBAB-4BB7-A848-312615F89C6D}.Ad-Hoc|ARM.Build.0 = Release|ARM
		{1DD73741-EBAB-4BB7-A848-312615F89C6D}.Ad-Hoc|ARM.Deploy.0 = Release|ARM
		{1DD73741-EBAB-4BB7-A848-312615F89C6D}.Ad-Hoc|iPhone.ActiveCfg = Release|x86
		{1DD73741-EBAB-4BB7-A848-312615F89C6D}.Ad-Hoc|iPhone.Build.0 = Release|x86
		{1DD73741-EBAB-4BB7-A848-312615F89C6D}.Ad-Hoc|iPhone.Deploy.0 = Release|x86
		{1DD73741-EBAB-4BB7-A848-312615F89C6D}.Ad-Hoc|iPhoneSimulator.ActiveCfg = Release|x86
		{1DD73741-EBAB-4BB7-A848-312615F89C6D}.Ad-Hoc|iPhoneSimulator.Build.0 = Release|x86
		{1DD73741-EBAB-4BB7-A848-312615F89C6D}.Ad-Hoc|iPhoneSimulator.Deploy.0 = Release|x86
		{1DD73741-EBAB-4BB7-A848-312615F89C6D}.Ad-Hoc|x64.ActiveCfg = Release|x64
		{1DD73741-EBAB-4BB7-A848-312615F89C6D}.Ad-Hoc|x64.Build.0 = Release|x64
		{1DD73741-EBAB-4BB7-A848-312615F89C6D}.Ad-Hoc|x64.Deploy.0 = Release|x64
		{1DD73741-EBAB-4BB7-A848-312615F89C6D}.Ad-Hoc|x86.ActiveCfg = Release|x86
		{1DD73741-EBAB-4BB7-A848-312615F89C6D}.Ad-Hoc|x86.Build.0 = Release|x86
		{1DD73741-EBAB-4BB7-A848-312615F89C6D}.Ad-Hoc|x86.Deploy.0 = Release|x86
		{1DD73741-EBAB-4BB7-A848-312615F89C6D}.AppStore|Any CPU.ActiveCfg = Release|x86
		{1DD73741-EBAB-4BB7-A848-312615F89C6D}.AppStore|Any CPU.Build.0 = Release|x86
		{1DD73741-EBAB-4BB7-A848-312615F89C6D}.AppStore|Any CPU.Deploy.0 = Release|x86
		{1DD73741-EBAB-4BB7-A848-312615F89C6D}.AppStore|ARM.ActiveCfg = Release|ARM
		{1DD73741-EBAB-4BB7-A848-312615F89C6D}.AppStore|ARM.Build.0 = Release|ARM
		{1DD73741-EBAB-4BB7-A848-312615F89C6D}.AppStore|ARM.Deploy.0 = Release|ARM
		{1DD73741-EBAB-4BB7-A848-312615F89C6D}.AppStore|iPhone.ActiveCfg = Release|x86
		{1DD73741-EBAB-4BB7-A848-312615F89C6D}.AppStore|iPhone.Build.0 = Release|x86
		{1DD73741-EBAB-4BB7-A848-312615F89C6D}.AppStore|iPhone.Deploy.0 = Release|x86
		{1DD73741-EBAB-4BB7-A848-312615F89C6D}.AppStore|iPhoneSimulator.ActiveCfg = Release|x86
		{1DD73741-EBAB-4BB7-A848-312615F89C6D}.AppStore|iPhoneSimulator.Build.0 = Release|x86
		{1DD73741-EBAB-4BB7-A848-312615F89C6D}.AppStore|iPhoneSimulator.Deploy.0 = Release|x86
		{1DD73741-EBAB-4BB7-A848-312615F89C6D}.AppStore|x64.ActiveCfg = Release|x64
		{1DD73741-EBAB-4BB7-A848-312615F89C6D}.AppStore|x64.Build.0 = Release|x64
		{1DD73741-EBAB-4BB7-A848-312615F89C6D}.AppStore|x64.Deploy.0 = Release|x64
		{1DD73741-EBAB-4BB7-A848-312615F89C6D}.AppStore|x86.ActiveCfg = Release|x86
		{1DD73741-EBAB-4BB7-A848-312615F89C6D}.AppStore|x86.Build.0 = Release|x86
		{1DD73741-EBAB-4BB7-A848-312615F89C6D}.AppStore|x86.Deploy.0 = Release|x86
		{1DD73741-EBAB-4BB7-A848-312615F89C6D}.Debug|Any CPU.ActiveCfg = Debug|x86
		{1DD73741-EBAB-4BB7-A848-312615F89C6D}.Debug|ARM.ActiveCfg = Debug|ARM
		{1DD73741-EBAB-4BB7-A848-312615F89C6D}.Debug|ARM.Build.0 = Debug|ARM
		{1DD73741-EBAB-4BB7-A848-312615F89C6D}.Debug|ARM.Deploy.0 = Debug|ARM
		{1DD73741-EBAB-4BB7-A848-312615F89C6D}.Debug|iPhone.ActiveCfg = Debug|x86
		{1DD73741-EBAB-4BB7-A848-312615F89C6D}.Debug|iPhoneSimulator.ActiveCfg = Debug|x86
		{1DD73741-EBAB-4BB7-A848-312615F89C6D}.Debug|x64.ActiveCfg = Debug|x64
		{1DD73741-EBAB-4BB7-A848-312615F89C6D}.Debug|x64.Build.0 = Debug|x64
		{1DD73741-EBAB-4BB7-A848-312615F89C6D}.Debug|x64.Deploy.0 = Debug|x64
		{1DD73741-EBAB-4BB7-A848-312615F89C6D}.Debug|x86.ActiveCfg = Debug|x86
		{1DD73741-EBAB-4BB7-A848-312615F89C6D}.Debug|x86.Build.0 = Debug|x86
		{1DD73741-EBAB-4BB7-A848-312615F89C6D}.Debug|x86.Deploy.0 = Debug|x86
		{1DD73741-EBAB-4BB7-A848-312615F89C6D}.Release|Any CPU.ActiveCfg = Release|x86
		{1DD73741-EBAB-4BB7-A848-312615F89C6D}.Release|ARM.ActiveCfg = Release|ARM
		{1DD73741-EBAB-4BB7-A848-312615F89C6D}.Release|ARM.Build.0 = Release|ARM
		{1DD73741-EBAB-4BB7-A848-312615F89C6D}.Release|ARM.Deploy.0 = Release|ARM
		{1DD73741-EBAB-4BB7-A848-312615F89C6D}.Release|iPhone.ActiveCfg = Release|x86
		{1DD73741-EBAB-4BB7-A848-312615F89C6D}.Release|iPhoneSimulator.ActiveCfg = Release|x86
		{1DD73741-EBAB-4BB7-A848-312615F89C6D}.Release|x64.ActiveCfg = Release|x64
		{1DD73741-EBAB-4BB7-A848-312615F89C6D}.Release|x64.Build.0 = Release|x64
		{1DD73741-EBAB-4BB7-A848-312615F89C6D}.Release|x64.Deploy.0 = Release|x64
		{1DD73741-EBAB-4BB7-A848-312615F89C6D}.Release|x86.ActiveCfg = Release|x86
		{1DD73741-EBAB-4BB7-A848-312615F89C6D}.Release|x86.Build.0 = Release|x86
		{1DD73741-EBAB-4BB7-A848-312615F89C6D}.Release|x86.Deploy.0 = Release|x86
	EndGlobalSection
	GlobalSection(SolutionProperties) = preSolution
		HideSolutionNode = FALSE
	EndGlobalSection
	GlobalSection(ExtensibilityGlobals) = postSolution
		SolutionGuid = {AFF8E726-CA8A-4442-B65A-806829D5E043}
	EndGlobalSection
EndGlobal
